// !$*UTF8*$!
{
	archiveVersion = 1;
	classes = {
	};
	objectVersion = 46;
	objects = {

/* Begin PBXBuildFile section */
		D51EC1561A6F8CDF00D97CB0 /* main.m in Sources */ = {isa = PBXBuildFile; fileRef = D51EC1551A6F8CDF00D97CB0 /* main.m */; };
		D51EC1591A6F8CDF00D97CB0 /* AppDelegate.m in Sources */ = {isa = PBXBuildFile; fileRef = D51EC1581A6F8CDF00D97CB0 /* AppDelegate.m */; };
		D51EC15C1A6F8CDF00D97CB0 /* ViewController.m in Sources */ = {isa = PBXBuildFile; fileRef = D51EC15B1A6F8CDF00D97CB0 /* ViewController.m */; };
		D51EC15F1A6F8CDF00D97CB0 /* Main.storyboard in Resources */ = {isa = PBXBuildFile; fileRef = D51EC15D1A6F8CDF00D97CB0 /* Main.storyboard */; };
		D51EC1611A6F8CDF00D97CB0 /* Images.xcassets in Resources */ = {isa = PBXBuildFile; fileRef = D51EC1601A6F8CDF00D97CB0 /* Images.xcassets */; };
		D51EC1641A6F8CDF00D97CB0 /* LaunchScreen.xib in Resources */ = {isa = PBXBuildFile; fileRef = D51EC1621A6F8CDF00D97CB0 /* LaunchScreen.xib */; };
		D51EC1701A6F8CDF00D97CB0 /* assn1Tests.m in Sources */ = {isa = PBXBuildFile; fileRef = D51EC16F1A6F8CDF00D97CB0 /* assn1Tests.m */; };
		D530D9021A6FA348006F600B /* Calculator.m in Sources */ = {isa = PBXBuildFile; fileRef = D530D9011A6FA348006F600B /* Calculator.m */; };
/* End PBXBuildFile section */

/* Begin PBXContainerItemProxy section */
		D51EC16A1A6F8CDF00D97CB0 /* PBXContainerItemProxy */ = {
			isa = PBXContainerItemProxy;
			containerPortal = D51EC1481A6F8CDF00D97CB0 /* Project object */;
			proxyType = 1;
			remoteGlobalIDString = D51EC14F1A6F8CDF00D97CB0;
			remoteInfo = assn1;
		};
/* End PBXContainerItemProxy section */

/* Begin PBXFileReference section */
		D51EC1501A6F8CDF00D97CB0 /* assn1.app */ = {isa = PBXFileReference; explicitFileType = wrapper.application; includeInIndex = 0; path = assn1.app; sourceTree = BUILT_PRODUCTS_DIR; };
		D51EC1541A6F8CDF00D97CB0 /* Info.plist */ = {isa = PBXFileReference; lastKnownFileType = text.plist.xml; path = Info.plist; sourceTree = "<group>"; };
		D51EC1551A6F8CDF00D97CB0 /* main.m */ = {isa = PBXFileReference; lastKnownFileType = sourcecode.c.objc; path = main.m; sourceTree = "<group>"; };
		D51EC1571A6F8CDF00D97CB0 /* AppDelegate.h */ = {isa = PBXFileReference; lastKnownFileType = sourcecode.c.h; path = AppDelegate.h; sourceTree = "<group>"; };
		D51EC1581A6F8CDF00D97CB0 /* AppDelegate.m */ = {isa = PBXFileReference; lastKnownFileType = sourcecode.c.objc; path = AppDelegate.m; sourceTree = "<group>"; };
		D51EC15A1A6F8CDF00D97CB0 /* ViewController.h */ = {isa = PBXFileReference; lastKnownFileType = sourcecode.c.h; path = ViewController.h; sourceTree = "<group>"; };
		D51EC15B1A6F8CDF00D97CB0 /* ViewController.m */ = {isa = PBXFileReference; lastKnownFileType = sourcecode.c.objc; path = ViewController.m; sourceTree = "<group>"; };
		D51EC15E1A6F8CDF00D97CB0 /* Base */ = {isa = PBXFileReference; lastKnownFileType = file.storyboard; name = Base; path = Base.lproj/Main.storyboard; sourceTree = "<group>"; };
		D51EC1601A6F8CDF00D97CB0 /* Images.xcassets */ = {isa = PBXFileReference; lastKnownFileType = folder.assetcatalog; path = Images.xcassets; sourceTree = "<group>"; };
		D51EC1631A6F8CDF00D97CB0 /* Base */ = {isa = PBXFileReference; lastKnownFileType = file.xib; name = Base; path = Base.lproj/LaunchScreen.xib; sourceTree = "<group>"; };
		D51EC1691A6F8CDF00D97CB0 /* assn1Tests.xctest */ = {isa = PBXFileReference; explicitFileType = wrapper.cfbundle; includeInIndex = 0; path = assn1Tests.xctest; sourceTree = BUILT_PRODUCTS_DIR; };
		D51EC16E1A6F8CDF00D97CB0 /* Info.plist */ = {isa = PBXFileReference; lastKnownFileType = text.plist.xml; path = Info.plist; sourceTree = "<group>"; };
		D51EC16F1A6F8CDF00D97CB0 /* assn1Tests.m */ = {isa = PBXFileReference; lastKnownFileType = sourcecode.c.objc; path = assn1Tests.m; sourceTree = "<group>"; usesTabs = 0; };
		D530D8FF1A6FA205006F600B /* calculatorprotocol.h */ = {isa = PBXFileReference; fileEncoding = 4; lastKnownFileType = sourcecode.c.h; path = calculatorprotocol.h; sourceTree = "<group>"; };
		D530D9001A6FA348006F600B /* Calculator.h */ = {isa = PBXFileReference; fileEncoding = 4; lastKnownFileType = sourcecode.c.h; path = Calculator.h; sourceTree = "<group>"; };
		D530D9011A6FA348006F600B /* Calculator.m */ = {isa = PBXFileReference; fileEncoding = 4; lastKnownFileType = sourcecode.c.objc; path = Calculator.m; sourceTree = "<group>"; };
/* End PBXFileReference section */

/* Begin PBXFrameworksBuildPhase section */
		D51EC14D1A6F8CDF00D97CB0 /* Frameworks */ = {
			isa = PBXFrameworksBuildPhase;
			buildActionMask = 2147483647;
			files = (
			);
			runOnlyForDeploymentPostprocessing = 0;
		};
		D51EC1661A6F8CDF00D97CB0 /* Frameworks */ = {
			isa = PBXFrameworksBuildPhase;
			buildActionMask = 2147483647;
			files = (
			);
			runOnlyForDeploymentPostprocessing = 0;
		};
/* End PBXFrameworksBuildPhase section */

/* Begin PBXGroup section */
		D51EC1471A6F8CDF00D97CB0 = {
			isa = PBXGroup;
			children = (
				D51EC1521A6F8CDF00D97CB0 /* assn1 */,
				D51EC16C1A6F8CDF00D97CB0 /* assn1Tests */,
				D51EC1511A6F8CDF00D97CB0 /* Products */,
			);
			sourceTree = "<group>";
		};
		D51EC1511A6F8CDF00D97CB0 /* Products */ = {
			isa = PBXGroup;
			children = (
				D51EC1501A6F8CDF00D97CB0 /* assn1.app */,
				D51EC1691A6F8CDF00D97CB0 /* assn1Tests.xctest */,
			);
			name = Products;
			sourceTree = "<group>";
		};
		D51EC1521A6F8CDF00D97CB0 /* assn1 */ = {
			isa = PBXGroup;
			children = (
				D51EC1571A6F8CDF00D97CB0 /* AppDelegate.h */,
				D51EC1581A6F8CDF00D97CB0 /* AppDelegate.m */,
				D51EC15A1A6F8CDF00D97CB0 /* ViewController.h */,
				D51EC15B1A6F8CDF00D97CB0 /* ViewController.m */,
				D51EC15D1A6F8CDF00D97CB0 /* Main.storyboard */,
				D51EC1601A6F8CDF00D97CB0 /* Images.xcassets */,
				D51EC1621A6F8CDF00D97CB0 /* LaunchScreen.xib */,
				D530D8FF1A6FA205006F600B /* calculatorprotocol.h */,
				D51EC1531A6F8CDF00D97CB0 /* Supporting Files */,
				D530D9001A6FA348006F600B /* Calculator.h */,
				D530D9011A6FA348006F600B /* Calculator.m */,
			);
			path = assn1;
			sourceTree = "<group>";
		};
		D51EC1531A6F8CDF00D97CB0 /* Supporting Files */ = {
			isa = PBXGroup;
			children = (
				D51EC1541A6F8CDF00D97CB0 /* Info.plist */,
				D51EC1551A6F8CDF00D97CB0 /* main.m */,
			);
			name = "Supporting Files";
			sourceTree = "<group>";
		};
		D51EC16C1A6F8CDF00D97CB0 /* assn1Tests */ = {
			isa = PBXGroup;
			children = (
				D51EC16F1A6F8CDF00D97CB0 /* assn1Tests.m */,
				D51EC16D1A6F8CDF00D97CB0 /* Supporting Files */,
			);
			path = assn1Tests;
			sourceTree = "<group>";
		};
		D51EC16D1A6F8CDF00D97CB0 /* Supporting Files */ = {
			isa = PBXGroup;
			children = (
				D51EC16E1A6F8CDF00D97CB0 /* Info.plist */,
			);
			name = "Supporting Files";
			sourceTree = "<group>";
		};
/* End PBXGroup section */

/* Begin PBXNativeTarget section */
		D51EC14F1A6F8CDF00D97CB0 /* assn1 */ = {
			isa = PBXNativeTarget;
			buildConfigurationList = D51EC1731A6F8CDF00D97CB0 /* Build configuration list for PBXNativeTarget "assn1" */;
			buildPhases = (
				D51EC14C1A6F8CDF00D97CB0 /* Sources */,
				D51EC14D1A6F8CDF00D97CB0 /* Frameworks */,
				D51EC14E1A6F8CDF00D97CB0 /* Resources */,
			);
			buildRules = (
			);
			dependencies = (
			);
			name = assn1;
			productName = assn1;
			productReference = D51EC1501A6F8CDF00D97CB0 /* assn1.app */;
			productType = "com.apple.product-type.application";
		};
		D51EC1681A6F8CDF00D97CB0 /* assn1Tests */ = {
			isa = PBXNativeTarget;
			buildConfigurationList = D51EC1761A6F8CDF00D97CB0 /* Build configuration list for PBXNativeTarget "assn1Tests" */;
			buildPhases = (
				D51EC1651A6F8CDF00D97CB0 /* Sources */,
				D51EC1661A6F8CDF00D97CB0 /* Frameworks */,
				D51EC1671A6F8CDF00D97CB0 /* Resources */,
			);
			buildRules = (
			);
			dependencies = (
				D51EC16B1A6F8CDF00D97CB0 /* PBXTargetDependency */,
			);
			name = assn1Tests;
			productName = assn1Tests;
			productReference = D51EC1691A6F8CDF00D97CB0 /* assn1Tests.xctest */;
			productType = "com.apple.product-type.bundle.unit-test";
		};
/* End PBXNativeTarget section */

/* Begin PBXProject section */
		D51EC1481A6F8CDF00D97CB0 /* Project object */ = {
			isa = PBXProject;
			attributes = {
				LastUpgradeCheck = 0610;
				ORGANIZATIONNAME = Student;
				TargetAttributes = {
					D51EC14F1A6F8CDF00D97CB0 = {
						CreatedOnToolsVersion = 6.1.1;
						DevelopmentTeam = 9TR23E2KTM;
					};
					D51EC1681A6F8CDF00D97CB0 = {
						CreatedOnToolsVersion = 6.1.1;
						TestTargetID = D51EC14F1A6F8CDF00D97CB0;
					};
				};
			};
			buildConfigurationList = D51EC14B1A6F8CDF00D97CB0 /* Build configuration list for PBXProject "assn1" */;
			compatibilityVersion = "Xcode 3.2";
			developmentRegion = English;
			hasScannedForEncodings = 0;
			knownRegions = (
				en,
				Base,
			);
			mainGroup = D51EC1471A6F8CDF00D97CB0;
			productRefGroup = D51EC1511A6F8CDF00D97CB0 /* Products */;
			projectDirPath = "";
			projectRoot = "";
			targets = (
				D51EC14F1A6F8CDF00D97CB0 /* assn1 */,
				D51EC1681A6F8CDF00D97CB0 /* assn1Tests */,
			);
		};
/* End PBXProject section */

/* Begin PBXResourcesBuildPhase section */
		D51EC14E1A6F8CDF00D97CB0 /* Resources */ = {
			isa = PBXResourcesBuildPhase;
			buildActionMask = 2147483647;
			files = (
				D51EC15F1A6F8CDF00D97CB0 /* Main.storyboard in Resources */,
				D51EC1641A6F8CDF00D97CB0 /* LaunchScreen.xib in Resources */,
				D51EC1611A6F8CDF00D97CB0 /* Images.xcassets in Resources */,
			);
			runOnlyForDeploymentPostprocessing = 0;
		};
		D51EC1671A6F8CDF00D97CB0 /* Resources */ = {
			isa = PBXResourcesBuildPhase;
			buildActionMask = 2147483647;
			files = (
			);
			runOnlyForDeploymentPostprocessing = 0;
		};
/* End PBXResourcesBuildPhase section */

/* Begin PBXSourcesBuildPhase section */
		D51EC14C1A6F8CDF00D97CB0 /* Sources */ = {
			isa = PBXSourcesBuildPhase;
			buildActionMask = 2147483647;
			files = (
				D51EC15C1A6F8CDF00D97CB0 /* ViewController.m in Sources */,
				D530D9021A6FA348006F600B /* Calculator.m in Sources */,
				D51EC1591A6F8CDF00D97CB0 /* AppDelegate.m in Sources */,
				D51EC1561A6F8CDF00D97CB0 /* main.m in Sources */,
			);
			runOnlyForDeploymentPostprocessing = 0;
		};
		D51EC1651A6F8CDF00D97CB0 /* Sources */ = {
			isa = PBXSourcesBuildPhase;
			buildActionMask = 2147483647;
			files = (
				D51EC1701A6F8CDF00D97CB0 /* assn1Tests.m in Sources */,
			);
			runOnlyForDeploymentPostprocessing = 0;
		};
/* End PBXSourcesBuildPhase section */

/* Begin PBXTargetDependency section */
		D51EC16B1A6F8CDF00D97CB0 /* PBXTargetDependency */ = {
			isa = PBXTargetDependency;
			target = D51EC14F1A6F8CDF00D97CB0 /* assn1 */;
			targetProxy = D51EC16A1A6F8CDF00D97CB0 /* PBXContainerItemProxy */;
		};
/* End PBXTargetDependency section */

/* Begin PBXVariantGroup section */
		D51EC15D1A6F8CDF00D97CB0 /* Main.storyboard */ = {
			isa = PBXVariantGroup;
			children = (
				D51EC15E1A6F8CDF00D97CB0 /* Base */,
			);
			name = Main.storyboard;
			sourceTree = "<group>";
		};
		D51EC1621A6F8CDF00D97CB0 /* LaunchScreen.xib */ = {
			isa = PBXVariantGroup;
			children = (
				D51EC1631A6F8CDF00D97CB0 /* Base */,
			);
			name = LaunchScreen.xib;
			sourceTree = "<group>";
		};
/* End PBXVariantGroup section */

/* Begin XCBuildConfiguration section */
		D51EC1711A6F8CDF00D97CB0 /* Debug */ = {
			isa = XCBuildConfiguration;
			buildSettings = {
				ALWAYS_SEARCH_USER_PATHS = NO;
				CLANG_CXX_LANGUAGE_STANDARD = "gnu++0x";
				CLANG_CXX_LIBRARY = "libc++";
				CLANG_ENABLE_MODULES = YES;
				CLANG_ENABLE_OBJC_ARC = YES;
				CLANG_WARN_BOOL_CONVERSION = YES;
				CLANG_WARN_CONSTANT_CONVERSION = YES;
				CLANG_WARN_DIRECT_OBJC_ISA_USAGE = YES_ERROR;
				CLANG_WARN_EMPTY_BODY = YES;
				CLANG_WARN_ENUM_CONVERSION = YES;
				CLANG_WARN_INT_CONVERSION = YES;
				CLANG_WARN_OBJC_ROOT_CLASS = YES_ERROR;
				CLANG_WARN_UNREACHABLE_CODE = YES;
				CLANG_WARN__DUPLICATE_METHOD_MATCH = YES;
				"CODE_SIGN_IDENTITY[sdk=iphoneos*]" = "iPhone Developer";
				COPY_PHASE_STRIP = NO;
				ENABLE_STRICT_OBJC_MSGSEND = YES;
				GCC_C_LANGUAGE_STANDARD = gnu99;
				GCC_DYNAMIC_NO_PIC = NO;
				GCC_OPTIMIZATION_LEVEL = 0;
				GCC_PREPROCESSOR_DEFINITIONS = (
					"DEBUG=1",
					"$(inherited)",
				);
				GCC_SYMBOLS_PRIVATE_EXTERN = NO;
				GCC_WARN_64_TO_32_BIT_CONVERSION = YES;
				GCC_WARN_ABOUT_RETURN_TYPE = YES_ERROR;
				GCC_WARN_UNDECLARED_SELECTOR = YES;
				GCC_WARN_UNINITIALIZED_AUTOS = YES_AGGRESSIVE;
				GCC_WARN_UNUSED_FUNCTION = YES;
				GCC_WARN_UNUSED_VARIABLE = YES;
				IPHONEOS_DEPLOYMENT_TARGET = 8.1;
				MTL_ENABLE_DEBUG_INFO = YES;
				ONLY_ACTIVE_ARCH = YES;
				SDKROOT = iphoneos;
			};
			name = Debug;
		};
		D51EC1721A6F8CDF00D97CB0 /* Release */ = {
			isa = XCBuildConfiguration;
			buildSettings = {
				ALWAYS_SEARCH_USER_PATHS = NO;
				CLANG_CXX_LANGUAGE_STANDARD = "gnu++0x";
				CLANG_CXX_LIBRARY = "libc++";
				CLANG_ENABLE_MODULES = YES;
				CLANG_ENABLE_OBJC_ARC = YES;
				CLANG_WARN_BOOL_CONVERSION = YES;
				CLANG_WARN_CONSTANT_CONVERSION = YES;
				CLANG_WARN_DIRECT_OBJC_ISA_USAGE = YES_ERROR;
				CLANG_WARN_EMPTY_BODY = YES;
				CLANG_WARN_ENUM_CONVERSION = YES;
				CLANG_WARN_INT_CONVERSION = YES;
				CLANG_WARN_OBJC_ROOT_CLASS = YES_ERROR;
				CLANG_WARN_UNREACHABLE_CODE = YES;
				CLANG_WARN__DUPLICATE_METHOD_MATCH = YES;
				"CODE_SIGN_IDENTITY[sdk=iphoneos*]" = "iPhone Developer";
				COPY_PHASE_STRIP = YES;
				ENABLE_NS_ASSERTIONS = NO;
				ENABLE_STRICT_OBJC_MSGSEND = YES;
				GCC_C_LANGUAGE_STANDARD = gnu99;
				GCC_WARN_64_TO_32_BIT_CONVERSION = YES;
				GCC_WARN_ABOUT_RETURN_TYPE = YES_ERROR;
				GCC_WARN_UNDECLARED_SELECTOR = YES;
				GCC_WARN_UNINITIALIZED_AUTOS = YES_AGGRESSIVE;
				GCC_WARN_UNUSED_FUNCTION = YES;
				GCC_WARN_UNUSED_VARIABLE = YES;
				IPHONEOS_DEPLOYMENT_TARGET = 8.1;
				MTL_ENABLE_DEBUG_INFO = NO;
				SDKROOT = iphoneos;
				VALIDATE_PRODUCT = YES;
			};
			name = Release;
		};
		D51EC1741A6F8CDF00D97CB0 /* Debug */ = {
			isa = XCBuildConfiguration;
			buildSettings = {
				ASSETCATALOG_COMPILER_APPICON_NAME = AppIcon;
				CODE_SIGN_IDENTITY = "iPhone Developer";
				INFOPLIST_FILE = assn1/Info.plist;
				IPHONEOS_DEPLOYMENT_TARGET = 7.1;
				LD_RUNPATH_SEARCH_PATHS = "$(inherited) @executable_path/Frameworks";
				PRODUCT_NAME = "$(TARGET_NAME)";
				TARGETED_DEVICE_FAMILY = "1,2";
			};
			name = Debug;
		};
		D51EC1751A6F8CDF00D97CB0 /* Release */ = {
			isa = XCBuildConfiguration;
			buildSettings = {
				ASSETCATALOG_COMPILER_APPICON_NAME = AppIcon;
				CODE_SIGN_IDENTITY = "iPhone Developer";
				INFOPLIST_FILE = assn1/Info.plist;
				IPHONEOS_DEPLOYMENT_TARGET = 7.1;
				LD_RUNPATH_SEARCH_PATHS = "$(inherited) @executable_path/Frameworks";
				PRODUCT_NAME = "$(TARGET_NAME)";
				TARGETED_DEVICE_FAMILY = "1,2";
			};
			name = Release;
		};
		D51EC1771A6F8CDF00D97CB0 /* Debug */ = {
			isa = XCBuildConfiguration;
			buildSettings = {
				BUNDLE_LOADER = "$(TEST_HOST)";
				FRAMEWORK_SEARCH_PATHS = (
					"$(SDKROOT)/Developer/Library/Frameworks",
					"$(inherited)",
				);
				GCC_PREPROCESSOR_DEFINITIONS = (
					"DEBUG=1",
					"$(inherited)",
				);
				INFOPLIST_FILE = assn1Tests/Info.plist;
				IPHONEOS_DEPLOYMENT_TARGET = 7.1;
				LD_RUNPATH_SEARCH_PATHS = "$(inherited) @executable_path/Frameworks @loader_path/Frameworks";
				PRODUCT_NAME = "$(TARGET_NAME)";
				TEST_HOST = "$(BUILT_PRODUCTS_DIR)/assn1.app/assn1";
			};
			name = Debug;
		};
		D51EC1781A6F8CDF00D97CB0 /* Release */ = {
			isa = XCBuildConfiguration;
			buildSettings = {
				BUNDLE_LOADER = "$(TEST_HOST)";
				FRAMEWORK_SEARCH_PATHS = (
					"$(SDKROOT)/Developer/Library/Frameworks",
					"$(inherited)",
				);
				INFOPLIST_FILE = assn1Tests/Info.plist;
				IPHONEOS_DEPLOYMENT_TARGET = 7.1;
				LD_RUNPATH_SEARCH_PATHS = "$(inherited) @executable_path/Frameworks @loader_path/Frameworks";
				PRODUCT_NAME = "$(TARGET_NAME)";
				TEST_HOST = "$(BUILT_PRODUCTS_DIR)/assn1.app/assn1";
			};
			name = Release;
		};
/* End XCBuildConfiguration section */

/* Begin XCConfigurationList section */
		D51EC14B1A6F8CDF00D97CB0 /* Build configuration list for PBXProject "assn1" */ = {
			isa = XCConfigurationList;
			buildConfigurations = (
				D51EC1711A6F8CDF00D97CB0 /* Debug */,
				D51EC1721A6F8CDF00D97CB0 /* Release */,
			);
			defaultConfigurationIsVisible = 0;
			defaultConfigurationName = Release;
		};
		D51EC1731A6F8CDF00D97CB0 /* Build configuration list for PBXNativeTarget "assn1" */ = {
			isa = XCConfigurationList;
			buildConfigurations = (
				D51EC1741A6F8CDF00D97CB0 /* Debug */,
				D51EC1751A6F8CDF00D97CB0 /* Release */,
			);
			defaultConfigurationIsVisible = 0;
			defaultConfigurationName = Release;
		};
		D51EC1761A6F8CDF00D97CB0 /* Build configuration list for PBXNativeTarget "assn1Tests" */ = {
			isa = XCConfigurationList;
			buildConfigurations = (
				D51EC1771A6F8CDF00D97CB0 /* Debug */,
				D51EC1781A6F8CDF00D97CB0 /* Release */,
			);
			defaultConfigurationIsVisible = 0;
			defaultConfigurationName = Release;
		};
/* End XCConfigurationList section */
	};
	rootObject = D51EC1481A6F8CDF00D97CB0 /* Project object */;
}
