// !$*UTF8*$!
{
	archiveVersion = 1;
	classes = {
	};
	objectVersion = 46;
	objects = {

/* Begin PBXBuildFile section */
		D5CDAD761AE8B8B5005211F3 /* main.m in Sources */ = {isa = PBXBuildFile; fileRef = D5CDAD751AE8B8B5005211F3 /* main.m */; };
		D5CDAD791AE8B8B5005211F3 /* AppDelegate.m in Sources */ = {isa = PBXBuildFile; fileRef = D5CDAD781AE8B8B5005211F3 /* AppDelegate.m */; };
		D5CDAD7C1AE8B8B5005211F3 /* ViewController.m in Sources */ = {isa = PBXBuildFile; fileRef = D5CDAD7B1AE8B8B5005211F3 /* ViewController.m */; };
		D5CDAD7F1AE8B8B5005211F3 /* Main.storyboard in Resources */ = {isa = PBXBuildFile; fileRef = D5CDAD7D1AE8B8B5005211F3 /* Main.storyboard */; };
		D5CDAD811AE8B8B5005211F3 /* Images.xcassets in Resources */ = {isa = PBXBuildFile; fileRef = D5CDAD801AE8B8B5005211F3 /* Images.xcassets */; };
		D5CDAD841AE8B8B5005211F3 /* LaunchScreen.xib in Resources */ = {isa = PBXBuildFile; fileRef = D5CDAD821AE8B8B5005211F3 /* LaunchScreen.xib */; };
		D5CDAD901AE8B8B5005211F3 /* Animations_to_use_My_GameTests.m in Sources */ = {isa = PBXBuildFile; fileRef = D5CDAD8F1AE8B8B5005211F3 /* Animations_to_use_My_GameTests.m */; };
		D5CDAD9A1AE8B99E005211F3 /* Peashooter-Images in Resources */ = {isa = PBXBuildFile; fileRef = D5CDAD991AE8B99E005211F3 /* Peashooter-Images */; };
/* End PBXBuildFile section */

/* Begin PBXContainerItemProxy section */
		D5CDAD8A1AE8B8B5005211F3 /* PBXContainerItemProxy */ = {
			isa = PBXContainerItemProxy;
			containerPortal = D5CDAD681AE8B8B5005211F3 /* Project object */;
			proxyType = 1;
			remoteGlobalIDString = D5CDAD6F1AE8B8B5005211F3;
			remoteInfo = "Animations to use My Game";
		};
/* End PBXContainerItemProxy section */

/* Begin PBXFileReference section */
		D5CDAD701AE8B8B5005211F3 /* Animations to use My Game.app */ = {isa = PBXFileReference; explicitFileType = wrapper.application; includeInIndex = 0; path = "Animations to use My Game.app"; sourceTree = BUILT_PRODUCTS_DIR; };
		D5CDAD741AE8B8B5005211F3 /* Info.plist */ = {isa = PBXFileReference; lastKnownFileType = text.plist.xml; path = Info.plist; sourceTree = "<group>"; };
		D5CDAD751AE8B8B5005211F3 /* main.m */ = {isa = PBXFileReference; lastKnownFileType = sourcecode.c.objc; path = main.m; sourceTree = "<group>"; };
		D5CDAD771AE8B8B5005211F3 /* AppDelegate.h */ = {isa = PBXFileReference; lastKnownFileType = sourcecode.c.h; path = AppDelegate.h; sourceTree = "<group>"; };
		D5CDAD781AE8B8B5005211F3 /* AppDelegate.m */ = {isa = PBXFileReference; lastKnownFileType = sourcecode.c.objc; path = AppDelegate.m; sourceTree = "<group>"; };
		D5CDAD7A1AE8B8B5005211F3 /* ViewController.h */ = {isa = PBXFileReference; lastKnownFileType = sourcecode.c.h; path = ViewController.h; sourceTree = "<group>"; };
		D5CDAD7B1AE8B8B5005211F3 /* ViewController.m */ = {isa = PBXFileReference; lastKnownFileType = sourcecode.c.objc; path = ViewController.m; sourceTree = "<group>"; };
		D5CDAD7E1AE8B8B5005211F3 /* Base */ = {isa = PBXFileReference; lastKnownFileType = file.storyboard; name = Base; path = Base.lproj/Main.storyboard; sourceTree = "<group>"; };
		D5CDAD801AE8B8B5005211F3 /* Images.xcassets */ = {isa = PBXFileReference; lastKnownFileType = folder.assetcatalog; path = Images.xcassets; sourceTree = "<group>"; };
		D5CDAD831AE8B8B5005211F3 /* Base */ = {isa = PBXFileReference; lastKnownFileType = file.xib; name = Base; path = Base.lproj/LaunchScreen.xib; sourceTree = "<group>"; };
		D5CDAD891AE8B8B5005211F3 /* Animations to use My GameTests.xctest */ = {isa = PBXFileReference; explicitFileType = wrapper.cfbundle; includeInIndex = 0; path = "Animations to use My GameTests.xctest"; sourceTree = BUILT_PRODUCTS_DIR; };
		D5CDAD8E1AE8B8B5005211F3 /* Info.plist */ = {isa = PBXFileReference; lastKnownFileType = text.plist.xml; path = Info.plist; sourceTree = "<group>"; };
		D5CDAD8F1AE8B8B5005211F3 /* Animations_to_use_My_GameTests.m */ = {isa = PBXFileReference; lastKnownFileType = sourcecode.c.objc; path = Animations_to_use_My_GameTests.m; sourceTree = "<group>"; };
		D5CDAD991AE8B99E005211F3 /* Peashooter-Images */ = {isa = PBXFileReference; lastKnownFileType = folder; path = "Peashooter-Images"; sourceTree = "<group>"; };
/* End PBXFileReference section */

/* Begin PBXFrameworksBuildPhase section */
		D5CDAD6D1AE8B8B5005211F3 /* Frameworks */ = {
			isa = PBXFrameworksBuildPhase;
			buildActionMask = 2147483647;
			files = (
			);
			runOnlyForDeploymentPostprocessing = 0;
		};
		D5CDAD861AE8B8B5005211F3 /* Frameworks */ = {
			isa = PBXFrameworksBuildPhase;
			buildActionMask = 2147483647;
			files = (
			);
			runOnlyForDeploymentPostprocessing = 0;
		};
/* End PBXFrameworksBuildPhase section */

/* Begin PBXGroup section */
		D5CDAD671AE8B8B5005211F3 = {
			isa = PBXGroup;
			children = (
				D5CDAD721AE8B8B5005211F3 /* Animations to use My Game */,
				D5CDAD8C1AE8B8B5005211F3 /* Animations to use My GameTests */,
				D5CDAD711AE8B8B5005211F3 /* Products */,
			);
			sourceTree = "<group>";
		};
		D5CDAD711AE8B8B5005211F3 /* Products */ = {
			isa = PBXGroup;
			children = (
				D5CDAD701AE8B8B5005211F3 /* Animations to use My Game.app */,
				D5CDAD891AE8B8B5005211F3 /* Animations to use My GameTests.xctest */,
			);
			name = Products;
			sourceTree = "<group>";
		};
		D5CDAD721AE8B8B5005211F3 /* Animations to use My Game */ = {
			isa = PBXGroup;
			children = (
				D5CDAD991AE8B99E005211F3 /* Peashooter-Images */,
				D5CDAD771AE8B8B5005211F3 /* AppDelegate.h */,
				D5CDAD781AE8B8B5005211F3 /* AppDelegate.m */,
				D5CDAD7A1AE8B8B5005211F3 /* ViewController.h */,
				D5CDAD7B1AE8B8B5005211F3 /* ViewController.m */,
				D5CDAD7D1AE8B8B5005211F3 /* Main.storyboard */,
				D5CDAD801AE8B8B5005211F3 /* Images.xcassets */,
				D5CDAD821AE8B8B5005211F3 /* LaunchScreen.xib */,
				D5CDAD731AE8B8B5005211F3 /* Supporting Files */,
			);
			path = "Animations to use My Game";
			sourceTree = "<group>";
		};
		D5CDAD731AE8B8B5005211F3 /* Supporting Files */ = {
			isa = PBXGroup;
			children = (
				D5CDAD741AE8B8B5005211F3 /* Info.plist */,
				D5CDAD751AE8B8B5005211F3 /* main.m */,
			);
			name = "Supporting Files";
			sourceTree = "<group>";
		};
		D5CDAD8C1AE8B8B5005211F3 /* Animations to use My GameTests */ = {
			isa = PBXGroup;
			children = (
				D5CDAD8F1AE8B8B5005211F3 /* Animations_to_use_My_GameTests.m */,
				D5CDAD8D1AE8B8B5005211F3 /* Supporting Files */,
			);
			path = "Animations to use My GameTests";
			sourceTree = "<group>";
		};
		D5CDAD8D1AE8B8B5005211F3 /* Supporting Files */ = {
			isa = PBXGroup;
			children = (
				D5CDAD8E1AE8B8B5005211F3 /* Info.plist */,
			);
			name = "Supporting Files";
			sourceTree = "<group>";
		};
/* End PBXGroup section */

/* Begin PBXNativeTarget section */
		D5CDAD6F1AE8B8B5005211F3 /* Animations to use My Game */ = {
			isa = PBXNativeTarget;
			buildConfigurationList = D5CDAD931AE8B8B5005211F3 /* Build configuration list for PBXNativeTarget "Animations to use My Game" */;
			buildPhases = (
				D5CDAD6C1AE8B8B5005211F3 /* Sources */,
				D5CDAD6D1AE8B8B5005211F3 /* Frameworks */,
				D5CDAD6E1AE8B8B5005211F3 /* Resources */,
			);
			buildRules = (
			);
			dependencies = (
			);
			name = "Animations to use My Game";
			productName = "Animations to use My Game";
			productReference = D5CDAD701AE8B8B5005211F3 /* Animations to use My Game.app */;
			productType = "com.apple.product-type.application";
		};
		D5CDAD881AE8B8B5005211F3 /* Animations to use My GameTests */ = {
			isa = PBXNativeTarget;
			buildConfigurationList = D5CDAD961AE8B8B5005211F3 /* Build configuration list for PBXNativeTarget "Animations to use My GameTests" */;
			buildPhases = (
				D5CDAD851AE8B8B5005211F3 /* Sources */,
				D5CDAD861AE8B8B5005211F3 /* Frameworks */,
				D5CDAD871AE8B8B5005211F3 /* Resources */,
			);
			buildRules = (
			);
			dependencies = (
				D5CDAD8B1AE8B8B5005211F3 /* PBXTargetDependency */,
			);
			name = "Animations to use My GameTests";
			productName = "Animations to use My GameTests";
			productReference = D5CDAD891AE8B8B5005211F3 /* Animations to use My GameTests.xctest */;
			productType = "com.apple.product-type.bundle.unit-test";
		};
/* End PBXNativeTarget section */

/* Begin PBXProject section */
		D5CDAD681AE8B8B5005211F3 /* Project object */ = {
			isa = PBXProject;
			attributes = {
				LastUpgradeCheck = 0630;
				ORGANIZATIONNAME = HOC;
				TargetAttributes = {
					D5CDAD6F1AE8B8B5005211F3 = {
						CreatedOnToolsVersion = 6.3;
					};
					D5CDAD881AE8B8B5005211F3 = {
						CreatedOnToolsVersion = 6.3;
						TestTargetID = D5CDAD6F1AE8B8B5005211F3;
					};
				};
			};
			buildConfigurationList = D5CDAD6B1AE8B8B5005211F3 /* Build configuration list for PBXProject "Animations to use My Game" */;
			compatibilityVersion = "Xcode 3.2";
			developmentRegion = English;
			hasScannedForEncodings = 0;
			knownRegions = (
				en,
				Base,
			);
			mainGroup = D5CDAD671AE8B8B5005211F3;
			productRefGroup = D5CDAD711AE8B8B5005211F3 /* Products */;
			projectDirPath = "";
			projectRoot = "";
			targets = (
				D5CDAD6F1AE8B8B5005211F3 /* Animations to use My Game */,
				D5CDAD881AE8B8B5005211F3 /* Animations to use My GameTests */,
			);
		};
/* End PBXProject section */

/* Begin PBXResourcesBuildPhase section */
		D5CDAD6E1AE8B8B5005211F3 /* Resources */ = {
			isa = PBXResourcesBuildPhase;
			buildActionMask = 2147483647;
			files = (
				D5CDAD7F1AE8B8B5005211F3 /* Main.storyboard in Resources */,
				D5CDAD841AE8B8B5005211F3 /* LaunchScreen.xib in Resources */,
				D5CDAD9A1AE8B99E005211F3 /* Peashooter-Images in Resources */,
				D5CDAD811AE8B8B5005211F3 /* Images.xcassets in Resources */,
			);
			runOnlyForDeploymentPostprocessing = 0;
		};
		D5CDAD871AE8B8B5005211F3 /* Resources */ = {
			isa = PBXResourcesBuildPhase;
			buildActionMask = 2147483647;
			files = (
			);
			runOnlyForDeploymentPostprocessing = 0;
		};
/* End PBXResourcesBuildPhase section */

/* Begin PBXSourcesBuildPhase section */
		D5CDAD6C1AE8B8B5005211F3 /* Sources */ = {
			isa = PBXSourcesBuildPhase;
			buildActionMask = 2147483647;
			files = (
				D5CDAD7C1AE8B8B5005211F3 /* ViewController.m in Sources */,
				D5CDAD791AE8B8B5005211F3 /* AppDelegate.m in Sources */,
				D5CDAD761AE8B8B5005211F3 /* main.m in Sources */,
			);
			runOnlyForDeploymentPostprocessing = 0;
		};
		D5CDAD851AE8B8B5005211F3 /* Sources */ = {
			isa = PBXSourcesBuildPhase;
			buildActionMask = 2147483647;
			files = (
				D5CDAD901AE8B8B5005211F3 /* Animations_to_use_My_GameTests.m in Sources */,
			);
			runOnlyForDeploymentPostprocessing = 0;
		};
/* End PBXSourcesBuildPhase section */

/* Begin PBXTargetDependency section */
		D5CDAD8B1AE8B8B5005211F3 /* PBXTargetDependency */ = {
			isa = PBXTargetDependency;
			target = D5CDAD6F1AE8B8B5005211F3 /* Animations to use My Game */;
			targetProxy = D5CDAD8A1AE8B8B5005211F3 /* PBXContainerItemProxy */;
		};
/* End PBXTargetDependency section */

/* Begin PBXVariantGroup section */
		D5CDAD7D1AE8B8B5005211F3 /* Main.storyboard */ = {
			isa = PBXVariantGroup;
			children = (
				D5CDAD7E1AE8B8B5005211F3 /* Base */,
			);
			name = Main.storyboard;
			sourceTree = "<group>";
		};
		D5CDAD821AE8B8B5005211F3 /* LaunchScreen.xib */ = {
			isa = PBXVariantGroup;
			children = (
				D5CDAD831AE8B8B5005211F3 /* Base */,
			);
			name = LaunchScreen.xib;
			sourceTree = "<group>";
		};
/* End PBXVariantGroup section */

/* Begin XCBuildConfiguration section */
		D5CDAD911AE8B8B5005211F3 /* Debug */ = {
			isa = XCBuildConfiguration;
			buildSettings = {
				ALWAYS_SEARCH_USER_PATHS = NO;
				CLANG_CXX_LANGUAGE_STANDARD = "gnu++0x";
				CLANG_CXX_LIBRARY = "libc++";
				CLANG_ENABLE_MODULES = YES;
				CLANG_ENABLE_OBJC_ARC = YES;
				CLANG_WARN_BOOL_CONVERSION = YES;
				CLANG_WARN_CONSTANT_CONVERSION = YES;
				CLANG_WARN_DIRECT_OBJC_ISA_USAGE = YES_ERROR;
				CLANG_WARN_EMPTY_BODY = YES;
				CLANG_WARN_ENUM_CONVERSION = YES;
				CLANG_WARN_INT_CONVERSION = YES;
				CLANG_WARN_OBJC_ROOT_CLASS = YES_ERROR;
				CLANG_WARN_UNREACHABLE_CODE = YES;
				CLANG_WARN__DUPLICATE_METHOD_MATCH = YES;
				"CODE_SIGN_IDENTITY[sdk=iphoneos*]" = "iPhone Developer";
				COPY_PHASE_STRIP = NO;
				DEBUG_INFORMATION_FORMAT = "dwarf-with-dsym";
				ENABLE_STRICT_OBJC_MSGSEND = YES;
				GCC_C_LANGUAGE_STANDARD = gnu99;
				GCC_DYNAMIC_NO_PIC = NO;
				GCC_NO_COMMON_BLOCKS = YES;
				GCC_OPTIMIZATION_LEVEL = 0;
				GCC_PREPROCESSOR_DEFINITIONS = (
					"DEBUG=1",
					"$(inherited)",
				);
				GCC_SYMBOLS_PRIVATE_EXTERN = NO;
				GCC_WARN_64_TO_32_BIT_CONVERSION = YES;
				GCC_WARN_ABOUT_RETURN_TYPE = YES_ERROR;
				GCC_WARN_UNDECLARED_SELECTOR = YES;
				GCC_WARN_UNINITIALIZED_AUTOS = YES_AGGRESSIVE;
				GCC_WARN_UNUSED_FUNCTION = YES;
				GCC_WARN_UNUSED_VARIABLE = YES;
				IPHONEOS_DEPLOYMENT_TARGET = 8.3;
				MTL_ENABLE_DEBUG_INFO = YES;
				ONLY_ACTIVE_ARCH = YES;
				SDKROOT = iphoneos;
			};
			name = Debug;
		};
		D5CDAD921AE8B8B5005211F3 /* Release */ = {
			isa = XCBuildConfiguration;
			buildSettings = {
				ALWAYS_SEARCH_USER_PATHS = NO;
				CLANG_CXX_LANGUAGE_STANDARD = "gnu++0x";
				CLANG_CXX_LIBRARY = "libc++";
				CLANG_ENABLE_MODULES = YES;
				CLANG_ENABLE_OBJC_ARC = YES;
				CLANG_WARN_BOOL_CONVERSION = YES;
				CLANG_WARN_CONSTANT_CONVERSION = YES;
				CLANG_WARN_DIRECT_OBJC_ISA_USAGE = YES_ERROR;
				CLANG_WARN_EMPTY_BODY = YES;
				CLANG_WARN_ENUM_CONVERSION = YES;
				CLANG_WARN_INT_CONVERSION = YES;
				CLANG_WARN_OBJC_ROOT_CLASS = YES_ERROR;
				CLANG_WARN_UNREACHABLE_CODE = YES;
				CLANG_WARN__DUPLICATE_METHOD_MATCH = YES;
				"CODE_SIGN_IDENTITY[sdk=iphoneos*]" = "iPhone Developer";
				COPY_PHASE_STRIP = NO;
				DEBUG_INFORMATION_FORMAT = "dwarf-with-dsym";
				ENABLE_NS_ASSERTIONS = NO;
				ENABLE_STRICT_OBJC_MSGSEND = YES;
				GCC_C_LANGUAGE_STANDARD = gnu99;
				GCC_NO_COMMON_BLOCKS = YES;
				GCC_WARN_64_TO_32_BIT_CONVERSION = YES;
				GCC_WARN_ABOUT_RETURN_TYPE = YES_ERROR;
				GCC_WARN_UNDECLARED_SELECTOR = YES;
				GCC_WARN_UNINITIALIZED_AUTOS = YES_AGGRESSIVE;
				GCC_WARN_UNUSED_FUNCTION = YES;
				GCC_WARN_UNUSED_VARIABLE = YES;
				IPHONEOS_DEPLOYMENT_TARGET = 8.3;
				MTL_ENABLE_DEBUG_INFO = NO;
				SDKROOT = iphoneos;
				VALIDATE_PRODUCT = YES;
			};
			name = Release;
		};
		D5CDAD941AE8B8B5005211F3 /* Debug */ = {
			isa = XCBuildConfiguration;
			buildSettings = {
				ASSETCATALOG_COMPILER_APPICON_NAME = AppIcon;
				INFOPLIST_FILE = "Animations to use My Game/Info.plist";
				LD_RUNPATH_SEARCH_PATHS = "$(inherited) @executable_path/Frameworks";
				PRODUCT_NAME = "$(TARGET_NAME)";
			};
			name = Debug;
		};
		D5CDAD951AE8B8B5005211F3 /* Release */ = {
			isa = XCBuildConfiguration;
			buildSettings = {
				ASSETCATALOG_COMPILER_APPICON_NAME = AppIcon;
				INFOPLIST_FILE = "Animations to use My Game/Info.plist";
				LD_RUNPATH_SEARCH_PATHS = "$(inherited) @executable_path/Frameworks";
				PRODUCT_NAME = "$(TARGET_NAME)";
			};
			name = Release;
		};
		D5CDAD971AE8B8B5005211F3 /* Debug */ = {
			isa = XCBuildConfiguration;
			buildSettings = {
				BUNDLE_LOADER = "$(TEST_HOST)";
				FRAMEWORK_SEARCH_PATHS = (
					"$(SDKROOT)/Developer/Library/Frameworks",
					"$(inherited)",
				);
				GCC_PREPROCESSOR_DEFINITIONS = (
					"DEBUG=1",
					"$(inherited)",
				);
				INFOPLIST_FILE = "Animations to use My GameTests/Info.plist";
				LD_RUNPATH_SEARCH_PATHS = "$(inherited) @executable_path/Frameworks @loader_path/Frameworks";
				PRODUCT_NAME = "$(TARGET_NAME)";
				TEST_HOST = "$(BUILT_PRODUCTS_DIR)/Animations to use My Game.app/Animations to use My Game";
			};
			name = Debug;
		};
		D5CDAD981AE8B8B5005211F3 /* Release */ = {
			isa = XCBuildConfiguration;
			buildSettings = {
				BUNDLE_LOADER = "$(TEST_HOST)";
				FRAMEWORK_SEARCH_PATHS = (
					"$(SDKROOT)/Developer/Library/Frameworks",
					"$(inherited)",
				);
				INFOPLIST_FILE = "Animations to use My GameTests/Info.plist";
				LD_RUNPATH_SEARCH_PATHS = "$(inherited) @executable_path/Frameworks @loader_path/Frameworks";
				PRODUCT_NAME = "$(TARGET_NAME)";
				TEST_HOST = "$(BUILT_PRODUCTS_DIR)/Animations to use My Game.app/Animations to use My Game";
			};
			name = Release;
		};
/* End XCBuildConfiguration section */

/* Begin XCConfigurationList section */
		D5CDAD6B1AE8B8B5005211F3 /* Build configuration list for PBXProject "Animations to use My Game" */ = {
			isa = XCConfigurationList;
			buildConfigurations = (
				D5CDAD911AE8B8B5005211F3 /* Debug */,
				D5CDAD921AE8B8B5005211F3 /* Release */,
			);
			defaultConfigurationIsVisible = 0;
			defaultConfigurationName = Release;
		};
		D5CDAD931AE8B8B5005211F3 /* Build configuration list for PBXNativeTarget "Animations to use My Game" */ = {
			isa = XCConfigurationList;
			buildConfigurations = (
				D5CDAD941AE8B8B5005211F3 /* Debug */,
				D5CDAD951AE8B8B5005211F3 /* Release */,
			);
			defaultConfigurationIsVisible = 0;
		};
		D5CDAD961AE8B8B5005211F3 /* Build configuration list for PBXNativeTarget "Animations to use My GameTests" */ = {
			isa = XCConfigurationList;
			buildConfigurations = (
				D5CDAD971AE8B8B5005211F3 /* Debug */,
				D5CDAD981AE8B8B5005211F3 /* Release */,
			);
			defaultConfigurationIsVisible = 0;
		};
/* End XCConfigurationList section */
	};
	rootObject = D5CDAD681AE8B8B5005211F3 /* Project object */;
}
