// !$*UTF8*$!
{
	archiveVersion = 1;
	classes = {
	};
	objectVersion = 46;
	objects = {

/* Begin PBXBuildFile section */
		D53AC6461A88821200F32E41 /* AttractionsTableViewController.m in Sources */ = {isa = PBXBuildFile; fileRef = D53AC6451A88821200F32E41 /* AttractionsTableViewController.m */; };
		D53AC6491A88892B00F32E41 /* Attraction.m in Sources */ = {isa = PBXBuildFile; fileRef = D53AC6481A88892B00F32E41 /* Attraction.m */; };
		D53AC64F1A88997800F32E41 /* AttractionDetailsViewController.m in Sources */ = {isa = PBXBuildFile; fileRef = D53AC64E1A88997800F32E41 /* AttractionDetailsViewController.m */; };
		D5B45E971A885B4900014D4E /* main.m in Sources */ = {isa = PBXBuildFile; fileRef = D5B45E961A885B4900014D4E /* main.m */; };
		D5B45E9A1A885B4900014D4E /* AppDelegate.m in Sources */ = {isa = PBXBuildFile; fileRef = D5B45E991A885B4900014D4E /* AppDelegate.m */; };
		D5B45EA01A885B4900014D4E /* Main.storyboard in Resources */ = {isa = PBXBuildFile; fileRef = D5B45E9E1A885B4900014D4E /* Main.storyboard */; };
		D5B45EA21A885B4900014D4E /* Images.xcassets in Resources */ = {isa = PBXBuildFile; fileRef = D5B45EA11A885B4900014D4E /* Images.xcassets */; };
		D5B45EA51A885B4900014D4E /* LaunchScreen.xib in Resources */ = {isa = PBXBuildFile; fileRef = D5B45EA31A885B4900014D4E /* LaunchScreen.xib */; };
		D5B45EB11A885B4900014D4E /* HOC_Assignment4Tests.m in Sources */ = {isa = PBXBuildFile; fileRef = D5B45EB01A885B4900014D4E /* HOC_Assignment4Tests.m */; };
/* End PBXBuildFile section */

/* Begin PBXContainerItemProxy section */
		D5B45EAB1A885B4900014D4E /* PBXContainerItemProxy */ = {
			isa = PBXContainerItemProxy;
			containerPortal = D5B45E891A885B4900014D4E /* Project object */;
			proxyType = 1;
			remoteGlobalIDString = D5B45E901A885B4900014D4E;
			remoteInfo = HOC_Assignment4;
		};
/* End PBXContainerItemProxy section */

/* Begin PBXFileReference section */
		D512CCEB1A89912D001DF094 /* Attractions-Prefix.pch */ = {isa = PBXFileReference; lastKnownFileType = sourcecode.c.h; path = "Attractions-Prefix.pch"; sourceTree = "<group>"; };
		D53AC6441A88821200F32E41 /* AttractionsTableViewController.h */ = {isa = PBXFileReference; fileEncoding = 4; lastKnownFileType = sourcecode.c.h; path = AttractionsTableViewController.h; sourceTree = "<group>"; };
		D53AC6451A88821200F32E41 /* AttractionsTableViewController.m */ = {isa = PBXFileReference; fileEncoding = 4; lastKnownFileType = sourcecode.c.objc; path = AttractionsTableViewController.m; sourceTree = "<group>"; };
		D53AC6471A88892B00F32E41 /* Attraction.h */ = {isa = PBXFileReference; fileEncoding = 4; lastKnownFileType = sourcecode.c.h; path = Attraction.h; sourceTree = "<group>"; };
		D53AC6481A88892B00F32E41 /* Attraction.m */ = {isa = PBXFileReference; fileEncoding = 4; lastKnownFileType = sourcecode.c.objc; path = Attraction.m; sourceTree = "<group>"; };
		D53AC64D1A88997800F32E41 /* AttractionDetailsViewController.h */ = {isa = PBXFileReference; fileEncoding = 4; lastKnownFileType = sourcecode.c.h; path = AttractionDetailsViewController.h; sourceTree = "<group>"; };
		D53AC64E1A88997800F32E41 /* AttractionDetailsViewController.m */ = {isa = PBXFileReference; fileEncoding = 4; lastKnownFileType = sourcecode.c.objc; path = AttractionDetailsViewController.m; sourceTree = "<group>"; };
		D5B45E911A885B4900014D4E /* HOC_Assignment4.app */ = {isa = PBXFileReference; explicitFileType = wrapper.application; includeInIndex = 0; path = HOC_Assignment4.app; sourceTree = BUILT_PRODUCTS_DIR; };
		D5B45E951A885B4900014D4E /* Info.plist */ = {isa = PBXFileReference; lastKnownFileType = text.plist.xml; path = Info.plist; sourceTree = "<group>"; };
		D5B45E961A885B4900014D4E /* main.m */ = {isa = PBXFileReference; lastKnownFileType = sourcecode.c.objc; path = main.m; sourceTree = "<group>"; };
		D5B45E981A885B4900014D4E /* AppDelegate.h */ = {isa = PBXFileReference; lastKnownFileType = sourcecode.c.h; path = AppDelegate.h; sourceTree = "<group>"; };
		D5B45E991A885B4900014D4E /* AppDelegate.m */ = {isa = PBXFileReference; lastKnownFileType = sourcecode.c.objc; path = AppDelegate.m; sourceTree = "<group>"; };
		D5B45E9F1A885B4900014D4E /* Base */ = {isa = PBXFileReference; lastKnownFileType = file.storyboard; name = Base; path = Base.lproj/Main.storyboard; sourceTree = "<group>"; };
		D5B45EA11A885B4900014D4E /* Images.xcassets */ = {isa = PBXFileReference; lastKnownFileType = folder.assetcatalog; path = Images.xcassets; sourceTree = "<group>"; };
		D5B45EA41A885B4900014D4E /* Base */ = {isa = PBXFileReference; lastKnownFileType = file.xib; name = Base; path = Base.lproj/LaunchScreen.xib; sourceTree = "<group>"; };
		D5B45EAA1A885B4900014D4E /* HOC_Assignment4Tests.xctest */ = {isa = PBXFileReference; explicitFileType = wrapper.cfbundle; includeInIndex = 0; path = HOC_Assignment4Tests.xctest; sourceTree = BUILT_PRODUCTS_DIR; };
		D5B45EAF1A885B4900014D4E /* Info.plist */ = {isa = PBXFileReference; lastKnownFileType = text.plist.xml; path = Info.plist; sourceTree = "<group>"; };
		D5B45EB01A885B4900014D4E /* HOC_Assignment4Tests.m */ = {isa = PBXFileReference; lastKnownFileType = sourcecode.c.objc; path = HOC_Assignment4Tests.m; sourceTree = "<group>"; };
/* End PBXFileReference section */

/* Begin PBXFrameworksBuildPhase section */
		D5B45E8E1A885B4900014D4E /* Frameworks */ = {
			isa = PBXFrameworksBuildPhase;
			buildActionMask = 2147483647;
			files = (
			);
			runOnlyForDeploymentPostprocessing = 0;
		};
		D5B45EA71A885B4900014D4E /* Frameworks */ = {
			isa = PBXFrameworksBuildPhase;
			buildActionMask = 2147483647;
			files = (
			);
			runOnlyForDeploymentPostprocessing = 0;
		};
/* End PBXFrameworksBuildPhase section */

/* Begin PBXGroup section */
		D5B45E881A885B4900014D4E = {
			isa = PBXGroup;
			children = (
				D5B45E931A885B4900014D4E /* HOC_Assignment4 */,
				D5B45EAD1A885B4900014D4E /* HOC_Assignment4Tests */,
				D5B45E921A885B4900014D4E /* Products */,
			);
			sourceTree = "<group>";
		};
		D5B45E921A885B4900014D4E /* Products */ = {
			isa = PBXGroup;
			children = (
				D5B45E911A885B4900014D4E /* HOC_Assignment4.app */,
				D5B45EAA1A885B4900014D4E /* HOC_Assignment4Tests.xctest */,
			);
			name = Products;
			sourceTree = "<group>";
		};
		D5B45E931A885B4900014D4E /* HOC_Assignment4 */ = {
			isa = PBXGroup;
			children = (
				D5B45E981A885B4900014D4E /* AppDelegate.h */,
				D5B45E991A885B4900014D4E /* AppDelegate.m */,
				D53AC6471A88892B00F32E41 /* Attraction.h */,
				D53AC6481A88892B00F32E41 /* Attraction.m */,
				D53AC64D1A88997800F32E41 /* AttractionDetailsViewController.h */,
				D53AC64E1A88997800F32E41 /* AttractionDetailsViewController.m */,
				D53AC6441A88821200F32E41 /* AttractionsTableViewController.h */,
				D53AC6451A88821200F32E41 /* AttractionsTableViewController.m */,
				D5B45E9E1A885B4900014D4E /* Main.storyboard */,
				D5B45EA31A885B4900014D4E /* LaunchScreen.xib */,
				D5B45EA11A885B4900014D4E /* Images.xcassets */,
				D5B45E941A885B4900014D4E /* Supporting Files */,
			);
			path = HOC_Assignment4;
			sourceTree = "<group>";
		};
		D5B45E941A885B4900014D4E /* Supporting Files */ = {
			isa = PBXGroup;
			children = (
				D5B45E951A885B4900014D4E /* Info.plist */,
				D5B45E961A885B4900014D4E /* main.m */,
				D512CCEB1A89912D001DF094 /* Attractions-Prefix.pch */,
			);
			name = "Supporting Files";
			sourceTree = "<group>";
		};
		D5B45EAD1A885B4900014D4E /* HOC_Assignment4Tests */ = {
			isa = PBXGroup;
			children = (
				D5B45EB01A885B4900014D4E /* HOC_Assignment4Tests.m */,
				D5B45EAE1A885B4900014D4E /* Supporting Files */,
			);
			path = HOC_Assignment4Tests;
			sourceTree = "<group>";
		};
		D5B45EAE1A885B4900014D4E /* Supporting Files */ = {
			isa = PBXGroup;
			children = (
				D5B45EAF1A885B4900014D4E /* Info.plist */,
			);
			name = "Supporting Files";
			sourceTree = "<group>";
		};
/* End PBXGroup section */

/* Begin PBXNativeTarget section */
		D5B45E901A885B4900014D4E /* HOC_Assignment4 */ = {
			isa = PBXNativeTarget;
			buildConfigurationList = D5B45EB41A885B4900014D4E /* Build configuration list for PBXNativeTarget "HOC_Assignment4" */;
			buildPhases = (
				D5B45E8D1A885B4900014D4E /* Sources */,
				D5B45E8E1A885B4900014D4E /* Frameworks */,
				D5B45E8F1A885B4900014D4E /* Resources */,
			);
			buildRules = (
			);
			dependencies = (
			);
			name = HOC_Assignment4;
			productName = HOC_Assignment4;
			productReference = D5B45E911A885B4900014D4E /* HOC_Assignment4.app */;
			productType = "com.apple.product-type.application";
		};
		D5B45EA91A885B4900014D4E /* HOC_Assignment4Tests */ = {
			isa = PBXNativeTarget;
			buildConfigurationList = D5B45EB71A885B4900014D4E /* Build configuration list for PBXNativeTarget "HOC_Assignment4Tests" */;
			buildPhases = (
				D5B45EA61A885B4900014D4E /* Sources */,
				D5B45EA71A885B4900014D4E /* Frameworks */,
				D5B45EA81A885B4900014D4E /* Resources */,
			);
			buildRules = (
			);
			dependencies = (
				D5B45EAC1A885B4900014D4E /* PBXTargetDependency */,
			);
			name = HOC_Assignment4Tests;
			productName = HOC_Assignment4Tests;
			productReference = D5B45EAA1A885B4900014D4E /* HOC_Assignment4Tests.xctest */;
			productType = "com.apple.product-type.bundle.unit-test";
		};
/* End PBXNativeTarget section */

/* Begin PBXProject section */
		D5B45E891A885B4900014D4E /* Project object */ = {
			isa = PBXProject;
			attributes = {
				LastUpgradeCheck = 0610;
				ORGANIZATIONNAME = Student;
				TargetAttributes = {
					D5B45E901A885B4900014D4E = {
						CreatedOnToolsVersion = 6.1.1;
						DevelopmentTeam = 9TR23E2KTM;
					};
					D5B45EA91A885B4900014D4E = {
						CreatedOnToolsVersion = 6.1.1;
						TestTargetID = D5B45E901A885B4900014D4E;
					};
				};
			};
			buildConfigurationList = D5B45E8C1A885B4900014D4E /* Build configuration list for PBXProject "HOC_Assignment4" */;
			compatibilityVersion = "Xcode 3.2";
			developmentRegion = English;
			hasScannedForEncodings = 0;
			knownRegions = (
				en,
				Base,
			);
			mainGroup = D5B45E881A885B4900014D4E;
			productRefGroup = D5B45E921A885B4900014D4E /* Products */;
			projectDirPath = "";
			projectRoot = "";
			targets = (
				D5B45E901A885B4900014D4E /* HOC_Assignment4 */,
				D5B45EA91A885B4900014D4E /* HOC_Assignment4Tests */,
			);
		};
/* End PBXProject section */

/* Begin PBXResourcesBuildPhase section */
		D5B45E8F1A885B4900014D4E /* Resources */ = {
			isa = PBXResourcesBuildPhase;
			buildActionMask = 2147483647;
			files = (
				D5B45EA01A885B4900014D4E /* Main.storyboard in Resources */,
				D5B45EA51A885B4900014D4E /* LaunchScreen.xib in Resources */,
				D5B45EA21A885B4900014D4E /* Images.xcassets in Resources */,
			);
			runOnlyForDeploymentPostprocessing = 0;
		};
		D5B45EA81A885B4900014D4E /* Resources */ = {
			isa = PBXResourcesBuildPhase;
			buildActionMask = 2147483647;
			files = (
			);
			runOnlyForDeploymentPostprocessing = 0;
		};
/* End PBXResourcesBuildPhase section */

/* Begin PBXSourcesBuildPhase section */
		D5B45E8D1A885B4900014D4E /* Sources */ = {
			isa = PBXSourcesBuildPhase;
			buildActionMask = 2147483647;
			files = (
				D53AC6491A88892B00F32E41 /* Attraction.m in Sources */,
				D53AC64F1A88997800F32E41 /* AttractionDetailsViewController.m in Sources */,
				D5B45E9A1A885B4900014D4E /* AppDelegate.m in Sources */,
				D5B45E971A885B4900014D4E /* main.m in Sources */,
				D53AC6461A88821200F32E41 /* AttractionsTableViewController.m in Sources */,
			);
			runOnlyForDeploymentPostprocessing = 0;
		};
		D5B45EA61A885B4900014D4E /* Sources */ = {
			isa = PBXSourcesBuildPhase;
			buildActionMask = 2147483647;
			files = (
				D5B45EB11A885B4900014D4E /* HOC_Assignment4Tests.m in Sources */,
			);
			runOnlyForDeploymentPostprocessing = 0;
		};
/* End PBXSourcesBuildPhase section */

/* Begin PBXTargetDependency section */
		D5B45EAC1A885B4900014D4E /* PBXTargetDependency */ = {
			isa = PBXTargetDependency;
			target = D5B45E901A885B4900014D4E /* HOC_Assignment4 */;
			targetProxy = D5B45EAB1A885B4900014D4E /* PBXContainerItemProxy */;
		};
/* End PBXTargetDependency section */

/* Begin PBXVariantGroup section */
		D5B45E9E1A885B4900014D4E /* Main.storyboard */ = {
			isa = PBXVariantGroup;
			children = (
				D5B45E9F1A885B4900014D4E /* Base */,
			);
			name = Main.storyboard;
			sourceTree = "<group>";
		};
		D5B45EA31A885B4900014D4E /* LaunchScreen.xib */ = {
			isa = PBXVariantGroup;
			children = (
				D5B45EA41A885B4900014D4E /* Base */,
			);
			name = LaunchScreen.xib;
			sourceTree = "<group>";
		};
/* End PBXVariantGroup section */

/* Begin XCBuildConfiguration section */
		D5B45EB21A885B4900014D4E /* Debug */ = {
			isa = XCBuildConfiguration;
			buildSettings = {
				ALWAYS_SEARCH_USER_PATHS = NO;
				CLANG_CXX_LANGUAGE_STANDARD = "gnu++0x";
				CLANG_CXX_LIBRARY = "libc++";
				CLANG_ENABLE_MODULES = YES;
				CLANG_ENABLE_OBJC_ARC = YES;
				CLANG_WARN_BOOL_CONVERSION = YES;
				CLANG_WARN_CONSTANT_CONVERSION = YES;
				CLANG_WARN_DIRECT_OBJC_ISA_USAGE = YES_ERROR;
				CLANG_WARN_EMPTY_BODY = YES;
				CLANG_WARN_ENUM_CONVERSION = YES;
				CLANG_WARN_INT_CONVERSION = YES;
				CLANG_WARN_OBJC_ROOT_CLASS = YES_ERROR;
				CLANG_WARN_UNREACHABLE_CODE = YES;
				CLANG_WARN__DUPLICATE_METHOD_MATCH = YES;
				"CODE_SIGN_IDENTITY[sdk=iphoneos*]" = "iPhone Developer";
				COPY_PHASE_STRIP = NO;
				ENABLE_STRICT_OBJC_MSGSEND = YES;
				GCC_C_LANGUAGE_STANDARD = gnu99;
				GCC_DYNAMIC_NO_PIC = NO;
				GCC_OPTIMIZATION_LEVEL = 0;
				GCC_PREPROCESSOR_DEFINITIONS = (
					"DEBUG=1",
					"$(inherited)",
				);
				GCC_SYMBOLS_PRIVATE_EXTERN = NO;
				GCC_WARN_64_TO_32_BIT_CONVERSION = YES;
				GCC_WARN_ABOUT_RETURN_TYPE = YES_ERROR;
				GCC_WARN_UNDECLARED_SELECTOR = YES;
				GCC_WARN_UNINITIALIZED_AUTOS = YES_AGGRESSIVE;
				GCC_WARN_UNUSED_FUNCTION = YES;
				GCC_WARN_UNUSED_VARIABLE = YES;
				IPHONEOS_DEPLOYMENT_TARGET = 8.1;
				MTL_ENABLE_DEBUG_INFO = YES;
				ONLY_ACTIVE_ARCH = YES;
				SDKROOT = iphoneos;
			};
			name = Debug;
		};
		D5B45EB31A885B4900014D4E /* Release */ = {
			isa = XCBuildConfiguration;
			buildSettings = {
				ALWAYS_SEARCH_USER_PATHS = NO;
				CLANG_CXX_LANGUAGE_STANDARD = "gnu++0x";
				CLANG_CXX_LIBRARY = "libc++";
				CLANG_ENABLE_MODULES = YES;
				CLANG_ENABLE_OBJC_ARC = YES;
				CLANG_WARN_BOOL_CONVERSION = YES;
				CLANG_WARN_CONSTANT_CONVERSION = YES;
				CLANG_WARN_DIRECT_OBJC_ISA_USAGE = YES_ERROR;
				CLANG_WARN_EMPTY_BODY = YES;
				CLANG_WARN_ENUM_CONVERSION = YES;
				CLANG_WARN_INT_CONVERSION = YES;
				CLANG_WARN_OBJC_ROOT_CLASS = YES_ERROR;
				CLANG_WARN_UNREACHABLE_CODE = YES;
				CLANG_WARN__DUPLICATE_METHOD_MATCH = YES;
				"CODE_SIGN_IDENTITY[sdk=iphoneos*]" = "iPhone Developer";
				COPY_PHASE_STRIP = YES;
				ENABLE_NS_ASSERTIONS = NO;
				ENABLE_STRICT_OBJC_MSGSEND = YES;
				GCC_C_LANGUAGE_STANDARD = gnu99;
				GCC_WARN_64_TO_32_BIT_CONVERSION = YES;
				GCC_WARN_ABOUT_RETURN_TYPE = YES_ERROR;
				GCC_WARN_UNDECLARED_SELECTOR = YES;
				GCC_WARN_UNINITIALIZED_AUTOS = YES_AGGRESSIVE;
				GCC_WARN_UNUSED_FUNCTION = YES;
				GCC_WARN_UNUSED_VARIABLE = YES;
				IPHONEOS_DEPLOYMENT_TARGET = 8.1;
				MTL_ENABLE_DEBUG_INFO = NO;
				SDKROOT = iphoneos;
				VALIDATE_PRODUCT = YES;
			};
			name = Release;
		};
		D5B45EB51A885B4900014D4E /* Debug */ = {
			isa = XCBuildConfiguration;
			buildSettings = {
				ASSETCATALOG_COMPILER_APPICON_NAME = AppIcon;
				CODE_SIGN_IDENTITY = "iPhone Developer";
				"CODE_SIGN_IDENTITY[sdk=iphoneos*]" = "iPhone Developer";
				INFOPLIST_FILE = HOC_Assignment4/Info.plist;
				IPHONEOS_DEPLOYMENT_TARGET = 7.0;
				LD_RUNPATH_SEARCH_PATHS = "$(inherited) @executable_path/Frameworks";
				PRODUCT_NAME = "$(TARGET_NAME)";
				PROVISIONING_PROFILE = "";
			};
			name = Debug;
		};
		D5B45EB61A885B4900014D4E /* Release */ = {
			isa = XCBuildConfiguration;
			buildSettings = {
				ASSETCATALOG_COMPILER_APPICON_NAME = AppIcon;
				CODE_SIGN_IDENTITY = "iPhone Developer";
				"CODE_SIGN_IDENTITY[sdk=iphoneos*]" = "iPhone Developer";
				INFOPLIST_FILE = HOC_Assignment4/Info.plist;
				IPHONEOS_DEPLOYMENT_TARGET = 7.0;
				LD_RUNPATH_SEARCH_PATHS = "$(inherited) @executable_path/Frameworks";
				PRODUCT_NAME = "$(TARGET_NAME)";
				PROVISIONING_PROFILE = "";
			};
			name = Release;
		};
		D5B45EB81A885B4900014D4E /* Debug */ = {
			isa = XCBuildConfiguration;
			buildSettings = {
				BUNDLE_LOADER = "$(TEST_HOST)";
				FRAMEWORK_SEARCH_PATHS = (
					"$(SDKROOT)/Developer/Library/Frameworks",
					"$(inherited)",
				);
				GCC_PREPROCESSOR_DEFINITIONS = (
					"DEBUG=1",
					"$(inherited)",
				);
				INFOPLIST_FILE = HOC_Assignment4Tests/Info.plist;
				LD_RUNPATH_SEARCH_PATHS = "$(inherited) @executable_path/Frameworks @loader_path/Frameworks";
				PRODUCT_NAME = "$(TARGET_NAME)";
				TEST_HOST = "$(BUILT_PRODUCTS_DIR)/HOC_Assignment4.app/HOC_Assignment4";
			};
			name = Debug;
		};
		D5B45EB91A885B4900014D4E /* Release */ = {
			isa = XCBuildConfiguration;
			buildSettings = {
				BUNDLE_LOADER = "$(TEST_HOST)";
				FRAMEWORK_SEARCH_PATHS = (
					"$(SDKROOT)/Developer/Library/Frameworks",
					"$(inherited)",
				);
				INFOPLIST_FILE = HOC_Assignment4Tests/Info.plist;
				LD_RUNPATH_SEARCH_PATHS = "$(inherited) @executable_path/Frameworks @loader_path/Frameworks";
				PRODUCT_NAME = "$(TARGET_NAME)";
				TEST_HOST = "$(BUILT_PRODUCTS_DIR)/HOC_Assignment4.app/HOC_Assignment4";
			};
			name = Release;
		};
/* End XCBuildConfiguration section */

/* Begin XCConfigurationList section */
		D5B45E8C1A885B4900014D4E /* Build configuration list for PBXProject "HOC_Assignment4" */ = {
			isa = XCConfigurationList;
			buildConfigurations = (
				D5B45EB21A885B4900014D4E /* Debug */,
				D5B45EB31A885B4900014D4E /* Release */,
			);
			defaultConfigurationIsVisible = 0;
			defaultConfigurationName = Release;
		};
		D5B45EB41A885B4900014D4E /* Build configuration list for PBXNativeTarget "HOC_Assignment4" */ = {
			isa = XCConfigurationList;
			buildConfigurations = (
				D5B45EB51A885B4900014D4E /* Debug */,
				D5B45EB61A885B4900014D4E /* Release */,
			);
			defaultConfigurationIsVisible = 0;
			defaultConfigurationName = Release;
		};
		D5B45EB71A885B4900014D4E /* Build configuration list for PBXNativeTarget "HOC_Assignment4Tests" */ = {
			isa = XCConfigurationList;
			buildConfigurations = (
				D5B45EB81A885B4900014D4E /* Debug */,
				D5B45EB91A885B4900014D4E /* Release */,
			);
			defaultConfigurationIsVisible = 0;
			defaultConfigurationName = Release;
		};
/* End XCConfigurationList section */
	};
	rootObject = D5B45E891A885B4900014D4E /* Project object */;
}
