// !$*UTF8*$!
{
	archiveVersion = 1;
	classes = {
	};
	objectVersion = 46;
	objects = {

/* Begin PBXBuildFile section */
		12F42BC21A64155A00B7343D /* main.m in Sources */ = {isa = PBXBuildFile; fileRef = 12F42BC11A64155A00B7343D /* main.m */; };
		12F42BC51A64155A00B7343D /* AppDelegate.m in Sources */ = {isa = PBXBuildFile; fileRef = 12F42BC41A64155A00B7343D /* AppDelegate.m */; };
		12F42BC81A64155A00B7343D /* AttractionDetailsViewController.m in Sources */ = {isa = PBXBuildFile; fileRef = 12F42BC71A64155A00B7343D /* AttractionDetailsViewController.m */; };
		12F42BCB1A64155A00B7343D /* Main.storyboard in Resources */ = {isa = PBXBuildFile; fileRef = 12F42BC91A64155A00B7343D /* Main.storyboard */; };
		12F42BCD1A64155A00B7343D /* Images.xcassets in Resources */ = {isa = PBXBuildFile; fileRef = 12F42BCC1A64155A00B7343D /* Images.xcassets */; };
		12F42BD01A64155A00B7343D /* LaunchScreen.xib in Resources */ = {isa = PBXBuildFile; fileRef = 12F42BCE1A64155A00B7343D /* LaunchScreen.xib */; };
		12F42BDC1A64155A00B7343D /* assn4Tests.m in Sources */ = {isa = PBXBuildFile; fileRef = 12F42BDB1A64155A00B7343D /* assn4Tests.m */; };
		12F42BEA1A642AE400B7343D /* AttractionViewController.m in Sources */ = {isa = PBXBuildFile; fileRef = 12F42BE91A642AE400B7343D /* AttractionViewController.m */; };
		12F42BF01A6461E400B7343D /* Attraction.m in Sources */ = {isa = PBXBuildFile; fileRef = 12F42BEF1A6461E400B7343D /* Attraction.m */; };
		12F6B6FE1A6AF33600866C61 /* CoreGraphics.framework in Frameworks */ = {isa = PBXBuildFile; fileRef = 12F6B6FD1A6AF33600866C61 /* CoreGraphics.framework */; };
		12F6B7001A6AF34200866C61 /* UIKit.framework in Frameworks */ = {isa = PBXBuildFile; fileRef = 12F6B6FF1A6AF34200866C61 /* UIKit.framework */; };
/* End PBXBuildFile section */

/* Begin PBXContainerItemProxy section */
		12F42BD61A64155A00B7343D /* PBXContainerItemProxy */ = {
			isa = PBXContainerItemProxy;
			containerPortal = 12F42BB41A64155A00B7343D /* Project object */;
			proxyType = 1;
			remoteGlobalIDString = 12F42BBB1A64155A00B7343D;
			remoteInfo = assn4;
		};
/* End PBXContainerItemProxy section */

/* Begin PBXFileReference section */
		12F42BBC1A64155A00B7343D /* assn4.app */ = {isa = PBXFileReference; explicitFileType = wrapper.application; includeInIndex = 0; path = assn4.app; sourceTree = BUILT_PRODUCTS_DIR; };
		12F42BC01A64155A00B7343D /* Info.plist */ = {isa = PBXFileReference; lastKnownFileType = text.plist.xml; path = Info.plist; sourceTree = "<group>"; };
		12F42BC11A64155A00B7343D /* main.m */ = {isa = PBXFileReference; lastKnownFileType = sourcecode.c.objc; path = main.m; sourceTree = "<group>"; };
		12F42BC31A64155A00B7343D /* AppDelegate.h */ = {isa = PBXFileReference; lastKnownFileType = sourcecode.c.h; path = AppDelegate.h; sourceTree = "<group>"; };
		12F42BC41A64155A00B7343D /* AppDelegate.m */ = {isa = PBXFileReference; lastKnownFileType = sourcecode.c.objc; path = AppDelegate.m; sourceTree = "<group>"; };
		12F42BC61A64155A00B7343D /* AttractionDetailsViewController.h */ = {isa = PBXFileReference; lastKnownFileType = sourcecode.c.h; path = AttractionDetailsViewController.h; sourceTree = "<group>"; };
		12F42BC71A64155A00B7343D /* AttractionDetailsViewController.m */ = {isa = PBXFileReference; lastKnownFileType = sourcecode.c.objc; path = AttractionDetailsViewController.m; sourceTree = "<group>"; };
		12F42BCA1A64155A00B7343D /* Base */ = {isa = PBXFileReference; lastKnownFileType = file.storyboard; name = Base; path = Base.lproj/Main.storyboard; sourceTree = "<group>"; };
		12F42BCC1A64155A00B7343D /* Images.xcassets */ = {isa = PBXFileReference; lastKnownFileType = folder.assetcatalog; path = Images.xcassets; sourceTree = "<group>"; };
		12F42BCF1A64155A00B7343D /* Base */ = {isa = PBXFileReference; lastKnownFileType = file.xib; name = Base; path = Base.lproj/LaunchScreen.xib; sourceTree = "<group>"; };
		12F42BD51A64155A00B7343D /* assn4Tests.xctest */ = {isa = PBXFileReference; explicitFileType = wrapper.cfbundle; includeInIndex = 0; path = assn4Tests.xctest; sourceTree = BUILT_PRODUCTS_DIR; };
		12F42BDA1A64155A00B7343D /* Info.plist */ = {isa = PBXFileReference; lastKnownFileType = text.plist.xml; path = Info.plist; sourceTree = "<group>"; };
		12F42BDB1A64155A00B7343D /* assn4Tests.m */ = {isa = PBXFileReference; lastKnownFileType = sourcecode.c.objc; path = assn4Tests.m; sourceTree = "<group>"; };
		12F42BE81A642AE400B7343D /* AttractionViewController.h */ = {isa = PBXFileReference; fileEncoding = 4; lastKnownFileType = sourcecode.c.h; path = AttractionViewController.h; sourceTree = "<group>"; };
		12F42BE91A642AE400B7343D /* AttractionViewController.m */ = {isa = PBXFileReference; fileEncoding = 4; lastKnownFileType = sourcecode.c.objc; path = AttractionViewController.m; sourceTree = "<group>"; };
		12F42BEE1A6461E400B7343D /* Attraction.h */ = {isa = PBXFileReference; fileEncoding = 4; lastKnownFileType = sourcecode.c.h; path = Attraction.h; sourceTree = "<group>"; };
		12F42BEF1A6461E400B7343D /* Attraction.m */ = {isa = PBXFileReference; fileEncoding = 4; lastKnownFileType = sourcecode.c.objc; path = Attraction.m; sourceTree = "<group>"; };
		12F6B6FD1A6AF33600866C61 /* CoreGraphics.framework */ = {isa = PBXFileReference; lastKnownFileType = wrapper.framework; name = CoreGraphics.framework; path = System/Library/Frameworks/CoreGraphics.framework; sourceTree = SDKROOT; };
		12F6B6FF1A6AF34200866C61 /* UIKit.framework */ = {isa = PBXFileReference; lastKnownFileType = wrapper.framework; name = UIKit.framework; path = System/Library/Frameworks/UIKit.framework; sourceTree = SDKROOT; };
/* End PBXFileReference section */

/* Begin PBXFrameworksBuildPhase section */
		12F42BB91A64155A00B7343D /* Frameworks */ = {
			isa = PBXFrameworksBuildPhase;
			buildActionMask = 2147483647;
			files = (
				12F6B7001A6AF34200866C61 /* UIKit.framework in Frameworks */,
				12F6B6FE1A6AF33600866C61 /* CoreGraphics.framework in Frameworks */,
			);
			runOnlyForDeploymentPostprocessing = 0;
		};
		12F42BD21A64155A00B7343D /* Frameworks */ = {
			isa = PBXFrameworksBuildPhase;
			buildActionMask = 2147483647;
			files = (
			);
			runOnlyForDeploymentPostprocessing = 0;
		};
/* End PBXFrameworksBuildPhase section */

/* Begin PBXGroup section */
		12F42BB31A64155A00B7343D = {
			isa = PBXGroup;
			children = (
				12F6B6FF1A6AF34200866C61 /* UIKit.framework */,
				12F6B6FD1A6AF33600866C61 /* CoreGraphics.framework */,
				12F42BBE1A64155A00B7343D /* assn4 */,
				12F42BD81A64155A00B7343D /* assn4Tests */,
				12F42BBD1A64155A00B7343D /* Products */,
			);
			sourceTree = "<group>";
		};
		12F42BBD1A64155A00B7343D /* Products */ = {
			isa = PBXGroup;
			children = (
				12F42BBC1A64155A00B7343D /* assn4.app */,
				12F42BD51A64155A00B7343D /* assn4Tests.xctest */,
			);
			name = Products;
			sourceTree = "<group>";
		};
		12F42BBE1A64155A00B7343D /* assn4 */ = {
			isa = PBXGroup;
			children = (
				12F42BEE1A6461E400B7343D /* Attraction.h */,
				12F42BEF1A6461E400B7343D /* Attraction.m */,
				12F42BC31A64155A00B7343D /* AppDelegate.h */,
				12F42BC41A64155A00B7343D /* AppDelegate.m */,
				12F42BE81A642AE400B7343D /* AttractionViewController.h */,
				12F42BE91A642AE400B7343D /* AttractionViewController.m */,
				12F42BC61A64155A00B7343D /* AttractionDetailsViewController.h */,
				12F42BC71A64155A00B7343D /* AttractionDetailsViewController.m */,
				12F42BC91A64155A00B7343D /* Main.storyboard */,
				12F42BCC1A64155A00B7343D /* Images.xcassets */,
				12F42BCE1A64155A00B7343D /* LaunchScreen.xib */,
				12F42BBF1A64155A00B7343D /* Supporting Files */,
			);
			path = assn4;
			sourceTree = "<group>";
		};
		12F42BBF1A64155A00B7343D /* Supporting Files */ = {
			isa = PBXGroup;
			children = (
				12F42BC01A64155A00B7343D /* Info.plist */,
				12F42BC11A64155A00B7343D /* main.m */,
			);
			name = "Supporting Files";
			sourceTree = "<group>";
		};
		12F42BD81A64155A00B7343D /* assn4Tests */ = {
			isa = PBXGroup;
			children = (
				12F42BDB1A64155A00B7343D /* assn4Tests.m */,
				12F42BD91A64155A00B7343D /* Supporting Files */,
			);
			path = assn4Tests;
			sourceTree = "<group>";
		};
		12F42BD91A64155A00B7343D /* Supporting Files */ = {
			isa = PBXGroup;
			children = (
				12F42BDA1A64155A00B7343D /* Info.plist */,
			);
			name = "Supporting Files";
			sourceTree = "<group>";
		};
/* End PBXGroup section */

/* Begin PBXNativeTarget section */
		12F42BBB1A64155A00B7343D /* assn4 */ = {
			isa = PBXNativeTarget;
			buildConfigurationList = 12F42BDF1A64155A00B7343D /* Build configuration list for PBXNativeTarget "assn4" */;
			buildPhases = (
				12F42BB81A64155A00B7343D /* Sources */,
				12F42BB91A64155A00B7343D /* Frameworks */,
				12F42BBA1A64155A00B7343D /* Resources */,
			);
			buildRules = (
			);
			dependencies = (
			);
			name = assn4;
			productName = assn4;
			productReference = 12F42BBC1A64155A00B7343D /* assn4.app */;
			productType = "com.apple.product-type.application";
		};
		12F42BD41A64155A00B7343D /* assn4Tests */ = {
			isa = PBXNativeTarget;
			buildConfigurationList = 12F42BE21A64155A00B7343D /* Build configuration list for PBXNativeTarget "assn4Tests" */;
			buildPhases = (
				12F42BD11A64155A00B7343D /* Sources */,
				12F42BD21A64155A00B7343D /* Frameworks */,
				12F42BD31A64155A00B7343D /* Resources */,
			);
			buildRules = (
			);
			dependencies = (
				12F42BD71A64155A00B7343D /* PBXTargetDependency */,
			);
			name = assn4Tests;
			productName = assn4Tests;
			productReference = 12F42BD51A64155A00B7343D /* assn4Tests.xctest */;
			productType = "com.apple.product-type.bundle.unit-test";
		};
/* End PBXNativeTarget section */

/* Begin PBXProject section */
		12F42BB41A64155A00B7343D /* Project object */ = {
			isa = PBXProject;
			attributes = {
				LastUpgradeCheck = 0610;
				ORGANIZATIONNAME = "Frank Lu";
				TargetAttributes = {
					12F42BBB1A64155A00B7343D = {
						CreatedOnToolsVersion = 6.1.1;
					};
					12F42BD41A64155A00B7343D = {
						CreatedOnToolsVersion = 6.1.1;
						TestTargetID = 12F42BBB1A64155A00B7343D;
					};
				};
			};
			buildConfigurationList = 12F42BB71A64155A00B7343D /* Build configuration list for PBXProject "assn4" */;
			compatibilityVersion = "Xcode 3.2";
			developmentRegion = English;
			hasScannedForEncodings = 0;
			knownRegions = (
				en,
				Base,
			);
			mainGroup = 12F42BB31A64155A00B7343D;
			productRefGroup = 12F42BBD1A64155A00B7343D /* Products */;
			projectDirPath = "";
			projectRoot = "";
			targets = (
				12F42BBB1A64155A00B7343D /* assn4 */,
				12F42BD41A64155A00B7343D /* assn4Tests */,
			);
		};
/* End PBXProject section */

/* Begin PBXResourcesBuildPhase section */
		12F42BBA1A64155A00B7343D /* Resources */ = {
			isa = PBXResourcesBuildPhase;
			buildActionMask = 2147483647;
			files = (
				12F42BCB1A64155A00B7343D /* Main.storyboard in Resources */,
				12F42BD01A64155A00B7343D /* LaunchScreen.xib in Resources */,
				12F42BCD1A64155A00B7343D /* Images.xcassets in Resources */,
			);
			runOnlyForDeploymentPostprocessing = 0;
		};
		12F42BD31A64155A00B7343D /* Resources */ = {
			isa = PBXResourcesBuildPhase;
			buildActionMask = 2147483647;
			files = (
			);
			runOnlyForDeploymentPostprocessing = 0;
		};
/* End PBXResourcesBuildPhase section */

/* Begin PBXSourcesBuildPhase section */
		12F42BB81A64155A00B7343D /* Sources */ = {
			isa = PBXSourcesBuildPhase;
			buildActionMask = 2147483647;
			files = (
				12F42BC81A64155A00B7343D /* AttractionDetailsViewController.m in Sources */,
				12F42BC51A64155A00B7343D /* AppDelegate.m in Sources */,
				12F42BEA1A642AE400B7343D /* AttractionViewController.m in Sources */,
				12F42BC21A64155A00B7343D /* main.m in Sources */,
				12F42BF01A6461E400B7343D /* Attraction.m in Sources */,
			);
			runOnlyForDeploymentPostprocessing = 0;
		};
		12F42BD11A64155A00B7343D /* Sources */ = {
			isa = PBXSourcesBuildPhase;
			buildActionMask = 2147483647;
			files = (
				12F42BDC1A64155A00B7343D /* assn4Tests.m in Sources */,
			);
			runOnlyForDeploymentPostprocessing = 0;
		};
/* End PBXSourcesBuildPhase section */

/* Begin PBXTargetDependency section */
		12F42BD71A64155A00B7343D /* PBXTargetDependency */ = {
			isa = PBXTargetDependency;
			target = 12F42BBB1A64155A00B7343D /* assn4 */;
			targetProxy = 12F42BD61A64155A00B7343D /* PBXContainerItemProxy */;
		};
/* End PBXTargetDependency section */

/* Begin PBXVariantGroup section */
		12F42BC91A64155A00B7343D /* Main.storyboard */ = {
			isa = PBXVariantGroup;
			children = (
				12F42BCA1A64155A00B7343D /* Base */,
			);
			name = Main.storyboard;
			sourceTree = "<group>";
		};
		12F42BCE1A64155A00B7343D /* LaunchScreen.xib */ = {
			isa = PBXVariantGroup;
			children = (
				12F42BCF1A64155A00B7343D /* Base */,
			);
			name = LaunchScreen.xib;
			sourceTree = "<group>";
		};
/* End PBXVariantGroup section */

/* Begin XCBuildConfiguration section */
		12F42BDD1A64155A00B7343D /* Debug */ = {
			isa = XCBuildConfiguration;
			buildSettings = {
				ALWAYS_SEARCH_USER_PATHS = NO;
				CLANG_CXX_LANGUAGE_STANDARD = "gnu++0x";
				CLANG_CXX_LIBRARY = "libc++";
				CLANG_ENABLE_MODULES = YES;
				CLANG_ENABLE_OBJC_ARC = YES;
				CLANG_WARN_BOOL_CONVERSION = YES;
				CLANG_WARN_CONSTANT_CONVERSION = YES;
				CLANG_WARN_DIRECT_OBJC_ISA_USAGE = YES_ERROR;
				CLANG_WARN_EMPTY_BODY = YES;
				CLANG_WARN_ENUM_CONVERSION = YES;
				CLANG_WARN_INT_CONVERSION = YES;
				CLANG_WARN_OBJC_ROOT_CLASS = YES_ERROR;
				CLANG_WARN_UNREACHABLE_CODE = YES;
				CLANG_WARN__DUPLICATE_METHOD_MATCH = YES;
				"CODE_SIGN_IDENTITY[sdk=iphoneos*]" = "iPhone Developer";
				COPY_PHASE_STRIP = NO;
				ENABLE_STRICT_OBJC_MSGSEND = YES;
				GCC_C_LANGUAGE_STANDARD = gnu99;
				GCC_DYNAMIC_NO_PIC = NO;
				GCC_OPTIMIZATION_LEVEL = 0;
				GCC_PREPROCESSOR_DEFINITIONS = (
					"DEBUG=1",
					"$(inherited)",
				);
				GCC_SYMBOLS_PRIVATE_EXTERN = NO;
				GCC_WARN_64_TO_32_BIT_CONVERSION = YES;
				GCC_WARN_ABOUT_RETURN_TYPE = YES_ERROR;
				GCC_WARN_UNDECLARED_SELECTOR = YES;
				GCC_WARN_UNINITIALIZED_AUTOS = YES_AGGRESSIVE;
				GCC_WARN_UNUSED_FUNCTION = YES;
				GCC_WARN_UNUSED_VARIABLE = YES;
				IPHONEOS_DEPLOYMENT_TARGET = 8.1;
				MTL_ENABLE_DEBUG_INFO = YES;
				ONLY_ACTIVE_ARCH = YES;
				SDKROOT = iphoneos;
			};
			name = Debug;
		};
		12F42BDE1A64155A00B7343D /* Release */ = {
			isa = XCBuildConfiguration;
			buildSettings = {
				ALWAYS_SEARCH_USER_PATHS = NO;
				CLANG_CXX_LANGUAGE_STANDARD = "gnu++0x";
				CLANG_CXX_LIBRARY = "libc++";
				CLANG_ENABLE_MODULES = YES;
				CLANG_ENABLE_OBJC_ARC = YES;
				CLANG_WARN_BOOL_CONVERSION = YES;
				CLANG_WARN_CONSTANT_CONVERSION = YES;
				CLANG_WARN_DIRECT_OBJC_ISA_USAGE = YES_ERROR;
				CLANG_WARN_EMPTY_BODY = YES;
				CLANG_WARN_ENUM_CONVERSION = YES;
				CLANG_WARN_INT_CONVERSION = YES;
				CLANG_WARN_OBJC_ROOT_CLASS = YES_ERROR;
				CLANG_WARN_UNREACHABLE_CODE = YES;
				CLANG_WARN__DUPLICATE_METHOD_MATCH = YES;
				"CODE_SIGN_IDENTITY[sdk=iphoneos*]" = "iPhone Developer";
				COPY_PHASE_STRIP = YES;
				ENABLE_NS_ASSERTIONS = NO;
				ENABLE_STRICT_OBJC_MSGSEND = YES;
				GCC_C_LANGUAGE_STANDARD = gnu99;
				GCC_WARN_64_TO_32_BIT_CONVERSION = YES;
				GCC_WARN_ABOUT_RETURN_TYPE = YES_ERROR;
				GCC_WARN_UNDECLARED_SELECTOR = YES;
				GCC_WARN_UNINITIALIZED_AUTOS = YES_AGGRESSIVE;
				GCC_WARN_UNUSED_FUNCTION = YES;
				GCC_WARN_UNUSED_VARIABLE = YES;
				IPHONEOS_DEPLOYMENT_TARGET = 8.1;
				MTL_ENABLE_DEBUG_INFO = NO;
				SDKROOT = iphoneos;
				VALIDATE_PRODUCT = YES;
			};
			name = Release;
		};
		12F42BE01A64155A00B7343D /* Debug */ = {
			isa = XCBuildConfiguration;
			buildSettings = {
				ASSETCATALOG_COMPILER_APPICON_NAME = AppIcon;
				INFOPLIST_FILE = assn4/Info.plist;
				IPHONEOS_DEPLOYMENT_TARGET = 7.1;
				LD_RUNPATH_SEARCH_PATHS = "$(inherited) @executable_path/Frameworks";
				PRODUCT_NAME = "$(TARGET_NAME)";
			};
			name = Debug;
		};
		12F42BE11A64155A00B7343D /* Release */ = {
			isa = XCBuildConfiguration;
			buildSettings = {
				ASSETCATALOG_COMPILER_APPICON_NAME = AppIcon;
				INFOPLIST_FILE = assn4/Info.plist;
				IPHONEOS_DEPLOYMENT_TARGET = 7.1;
				LD_RUNPATH_SEARCH_PATHS = "$(inherited) @executable_path/Frameworks";
				PRODUCT_NAME = "$(TARGET_NAME)";
			};
			name = Release;
		};
		12F42BE31A64155A00B7343D /* Debug */ = {
			isa = XCBuildConfiguration;
			buildSettings = {
				BUNDLE_LOADER = "$(TEST_HOST)";
				FRAMEWORK_SEARCH_PATHS = (
					"$(SDKROOT)/Developer/Library/Frameworks",
					"$(inherited)",
				);
				GCC_PREPROCESSOR_DEFINITIONS = (
					"DEBUG=1",
					"$(inherited)",
				);
				INFOPLIST_FILE = assn4Tests/Info.plist;
				LD_RUNPATH_SEARCH_PATHS = "$(inherited) @executable_path/Frameworks @loader_path/Frameworks";
				PRODUCT_NAME = "$(TARGET_NAME)";
				TEST_HOST = "$(BUILT_PRODUCTS_DIR)/assn4.app/assn4";
			};
			name = Debug;
		};
		12F42BE41A64155A00B7343D /* Release */ = {
			isa = XCBuildConfiguration;
			buildSettings = {
				BUNDLE_LOADER = "$(TEST_HOST)";
				FRAMEWORK_SEARCH_PATHS = (
					"$(SDKROOT)/Developer/Library/Frameworks",
					"$(inherited)",
				);
				INFOPLIST_FILE = assn4Tests/Info.plist;
				LD_RUNPATH_SEARCH_PATHS = "$(inherited) @executable_path/Frameworks @loader_path/Frameworks";
				PRODUCT_NAME = "$(TARGET_NAME)";
				TEST_HOST = "$(BUILT_PRODUCTS_DIR)/assn4.app/assn4";
			};
			name = Release;
		};
/* End XCBuildConfiguration section */

/* Begin XCConfigurationList section */
		12F42BB71A64155A00B7343D /* Build configuration list for PBXProject "assn4" */ = {
			isa = XCConfigurationList;
			buildConfigurations = (
				12F42BDD1A64155A00B7343D /* Debug */,
				12F42BDE1A64155A00B7343D /* Release */,
			);
			defaultConfigurationIsVisible = 0;
			defaultConfigurationName = Release;
		};
		12F42BDF1A64155A00B7343D /* Build configuration list for PBXNativeTarget "assn4" */ = {
			isa = XCConfigurationList;
			buildConfigurations = (
				12F42BE01A64155A00B7343D /* Debug */,
				12F42BE11A64155A00B7343D /* Release */,
			);
			defaultConfigurationIsVisible = 0;
			defaultConfigurationName = Release;
		};
		12F42BE21A64155A00B7343D /* Build configuration list for PBXNativeTarget "assn4Tests" */ = {
			isa = XCConfigurationList;
			buildConfigurations = (
				12F42BE31A64155A00B7343D /* Debug */,
				12F42BE41A64155A00B7343D /* Release */,
			);
			defaultConfigurationIsVisible = 0;
			defaultConfigurationName = Release;
		};
/* End XCConfigurationList section */
	};
	rootObject = 12F42BB41A64155A00B7343D /* Project object */;
}
